// !$*UTF8*$!
{
	archiveVersion = 1;
	classes = {
	};
	objectVersion = 46;
	objects = {

/* Begin PBXBuildFile section */
		AACA12CD19F731F2009E2F9B /* BengalTiger.jpg in Resources */ = {isa = PBXBuildFile; fileRef = AACA12C519F731F2009E2F9B /* BengalTiger.jpg */; };
		AACA12CE19F731F2009E2F9B /* IndochineseTiger.jpg in Resources */ = {isa = PBXBuildFile; fileRef = AACA12C619F731F2009E2F9B /* IndochineseTiger.jpg */; };
		AACA12CF19F731F2009E2F9B /* Lion.jpg in Resources */ = {isa = PBXBuildFile; fileRef = AACA12C719F731F2009E2F9B /* Lion.jpg */; };
		AACA12D019F731F2009E2F9B /* LionCub1.jpg in Resources */ = {isa = PBXBuildFile; fileRef = AACA12C819F731F2009E2F9B /* LionCub1.jpg */; };
		AACA12D119F731F2009E2F9B /* LionCub2.jpeg in Resources */ = {isa = PBXBuildFile; fileRef = AACA12C919F731F2009E2F9B /* LionCub2.jpeg */; };
		AACA12D219F731F2009E2F9B /* Lioness.jpeg in Resources */ = {isa = PBXBuildFile; fileRef = AACA12CA19F731F2009E2F9B /* Lioness.jpeg */; };
		AACA12D319F731F2009E2F9B /* MalayanTiger.jpg in Resources */ = {isa = PBXBuildFile; fileRef = AACA12CB19F731F2009E2F9B /* MalayanTiger.jpg */; };
		AACA12D419F731F2009E2F9B /* SiberianTiger.jpg in Resources */ = {isa = PBXBuildFile; fileRef = AACA12CC19F731F2009E2F9B /* SiberianTiger.jpg */; };
		AAD072D819EDAFEC0091CD0F /* AppDelegate.swift in Sources */ = {isa = PBXBuildFile; fileRef = AAD072D719EDAFEC0091CD0F /* AppDelegate.swift */; };
		AAD072DA19EDAFEC0091CD0F /* ViewController.swift in Sources */ = {isa = PBXBuildFile; fileRef = AAD072D919EDAFEC0091CD0F /* ViewController.swift */; };
		AAD072DD19EDAFEC0091CD0F /* Main.storyboard in Resources */ = {isa = PBXBuildFile; fileRef = AAD072DB19EDAFEC0091CD0F /* Main.storyboard */; };
		AAD072DF19EDAFEC0091CD0F /* Images.xcassets in Resources */ = {isa = PBXBuildFile; fileRef = AAD072DE19EDAFEC0091CD0F /* Images.xcassets */; };
		AAD072EE19EDAFEC0091CD0F /* Lions___TigerTests.swift in Sources */ = {isa = PBXBuildFile; fileRef = AAD072ED19EDAFEC0091CD0F /* Lions___TigerTests.swift */; };
		AAD072FA19EDB2330091CD0F /* Tiger.swift in Sources */ = {isa = PBXBuildFile; fileRef = AAD072F919EDB2330091CD0F /* Tiger.swift */; };
/* End PBXBuildFile section */

/* Begin PBXContainerItemProxy section */
		AAD072E819EDAFEC0091CD0F /* PBXContainerItemProxy */ = {
			isa = PBXContainerItemProxy;
			containerPortal = AAD072CA19EDAFEC0091CD0F /* Project object */;
			proxyType = 1;
			remoteGlobalIDString = AAD072D119EDAFEC0091CD0F;
			remoteInfo = "Lions & Tiger";
		};
/* End PBXContainerItemProxy section */

/* Begin PBXFileReference section */
		AACA12C519F731F2009E2F9B /* BengalTiger.jpg */ = {isa = PBXFileReference; lastKnownFileType = image.jpeg; path = BengalTiger.jpg; sourceTree = "<group>"; };
		AACA12C619F731F2009E2F9B /* IndochineseTiger.jpg */ = {isa = PBXFileReference; lastKnownFileType = image.jpeg; path = IndochineseTiger.jpg; sourceTree = "<group>"; };
		AACA12C719F731F2009E2F9B /* Lion.jpg */ = {isa = PBXFileReference; lastKnownFileType = image.jpeg; path = Lion.jpg; sourceTree = "<group>"; };
		AACA12C819F731F2009E2F9B /* LionCub1.jpg */ = {isa = PBXFileReference; lastKnownFileType = image.jpeg; path = LionCub1.jpg; sourceTree = "<group>"; };
		AACA12C919F731F2009E2F9B /* LionCub2.jpeg */ = {isa = PBXFileReference; lastKnownFileType = image.jpeg; path = LionCub2.jpeg; sourceTree = "<group>"; };
		AACA12CA19F731F2009E2F9B /* Lioness.jpeg */ = {isa = PBXFileReference; lastKnownFileType = image.jpeg; path = Lioness.jpeg; sourceTree = "<group>"; };
		AACA12CB19F731F2009E2F9B /* MalayanTiger.jpg */ = {isa = PBXFileReference; lastKnownFileType = image.jpeg; path = MalayanTiger.jpg; sourceTree = "<group>"; };
		AACA12CC19F731F2009E2F9B /* SiberianTiger.jpg */ = {isa = PBXFileReference; lastKnownFileType = image.jpeg; path = SiberianTiger.jpg; sourceTree = "<group>"; };
		AAD072D219EDAFEC0091CD0F /* Lions & Tiger.app */ = {isa = PBXFileReference; explicitFileType = wrapper.application; includeInIndex = 0; path = "Lions & Tiger.app"; sourceTree = BUILT_PRODUCTS_DIR; };
		AAD072D619EDAFEC0091CD0F /* Info.plist */ = {isa = PBXFileReference; lastKnownFileType = text.plist.xml; path = Info.plist; sourceTree = "<group>"; };
		AAD072D719EDAFEC0091CD0F /* AppDelegate.swift */ = {isa = PBXFileReference; lastKnownFileType = sourcecode.swift; path = AppDelegate.swift; sourceTree = "<group>"; };
		AAD072D919EDAFEC0091CD0F /* ViewController.swift */ = {isa = PBXFileReference; lastKnownFileType = sourcecode.swift; path = ViewController.swift; sourceTree = "<group>"; };
		AAD072DC19EDAFEC0091CD0F /* Base */ = {isa = PBXFileReference; lastKnownFileType = file.storyboard; name = Base; path = Base.lproj/Main.storyboard; sourceTree = "<group>"; };
		AAD072DE19EDAFEC0091CD0F /* Images.xcassets */ = {isa = PBXFileReference; lastKnownFileType = folder.assetcatalog; path = Images.xcassets; sourceTree = "<group>"; };
		AAD072E719EDAFEC0091CD0F /* Lions & TigerTests.xctest */ = {isa = PBXFileReference; explicitFileType = wrapper.cfbundle; includeInIndex = 0; path = "Lions & TigerTests.xctest"; sourceTree = BUILT_PRODUCTS_DIR; };
		AAD072EC19EDAFEC0091CD0F /* Info.plist */ = {isa = PBXFileReference; lastKnownFileType = text.plist.xml; path = Info.plist; sourceTree = "<group>"; };
		AAD072ED19EDAFEC0091CD0F /* Lions___TigerTests.swift */ = {isa = PBXFileReference; lastKnownFileType = sourcecode.swift; path = "Lions___TigerTests.swift"; sourceTree = "<group>"; };
		AAD072F919EDB2330091CD0F /* Tiger.swift */ = {isa = PBXFileReference; fileEncoding = 4; lastKnownFileType = sourcecode.swift; path = Tiger.swift; sourceTree = "<group>"; };
/* End PBXFileReference section */

/* Begin PBXFrameworksBuildPhase section */
		AAD072CF19EDAFEC0091CD0F /* Frameworks */ = {
			isa = PBXFrameworksBuildPhase;
			buildActionMask = 2147483647;
			files = (
			);
			runOnlyForDeploymentPostprocessing = 0;
		};
		AAD072E419EDAFEC0091CD0F /* Frameworks */ = {
			isa = PBXFrameworksBuildPhase;
			buildActionMask = 2147483647;
			files = (
			);
			runOnlyForDeploymentPostprocessing = 0;
		};
/* End PBXFrameworksBuildPhase section */

/* Begin PBXGroup section */
		AAD072C919EDAFEC0091CD0F = {
			isa = PBXGroup;
			children = (
				AAD072F919EDB2330091CD0F /* Tiger.swift */,
				AAD072D419EDAFEC0091CD0F /* Lions & Tiger */,
				AAD072EA19EDAFEC0091CD0F /* Lions & TigerTests */,
				AAD072D319EDAFEC0091CD0F /* Products */,
			);
			sourceTree = "<group>";
		};
		AAD072D319EDAFEC0091CD0F /* Products */ = {
			isa = PBXGroup;
			children = (
				AAD072D219EDAFEC0091CD0F /* Lions & Tiger.app */,
				AAD072E719EDAFEC0091CD0F /* Lions & TigerTests.xctest */,
			);
			name = Products;
			sourceTree = "<group>";
		};
		AAD072D419EDAFEC0091CD0F /* Lions & Tiger */ = {
			isa = PBXGroup;
			children = (
				AAD072D719EDAFEC0091CD0F /* AppDelegate.swift */,
				AAD072D919EDAFEC0091CD0F /* ViewController.swift */,
				AAD072DB19EDAFEC0091CD0F /* Main.storyboard */,
				AAD072DE19EDAFEC0091CD0F /* Images.xcassets */,
				AAD072D519EDAFEC0091CD0F /* Supporting Files */,
			);
			path = "Lions & Tiger";
			sourceTree = "<group>";
		};
		AAD072D519EDAFEC0091CD0F /* Supporting Files */ = {
			isa = PBXGroup;
			children = (
				AACA12C519F731F2009E2F9B /* BengalTiger.jpg */,
				AACA12C619F731F2009E2F9B /* IndochineseTiger.jpg */,
				AACA12C719F731F2009E2F9B /* Lion.jpg */,
				AACA12C819F731F2009E2F9B /* LionCub1.jpg */,
				AACA12C919F731F2009E2F9B /* LionCub2.jpeg */,
				AACA12CA19F731F2009E2F9B /* Lioness.jpeg */,
				AACA12CB19F731F2009E2F9B /* MalayanTiger.jpg */,
				AACA12CC19F731F2009E2F9B /* SiberianTiger.jpg */,
				AAD072D619EDAFEC0091CD0F /* Info.plist */,
			);
			name = "Supporting Files";
			sourceTree = "<group>";
		};
		AAD072EA19EDAFEC0091CD0F /* Lions & TigerTests */ = {
			isa = PBXGroup;
			children = (
				AAD072ED19EDAFEC0091CD0F /* Lions___TigerTests.swift */,
				AAD072EB19EDAFEC0091CD0F /* Supporting Files */,
			);
			path = "Lions & TigerTests";
			sourceTree = "<group>";
		};
		AAD072EB19EDAFEC0091CD0F /* Supporting Files */ = {
			isa = PBXGroup;
			children = (
				AAD072EC19EDAFEC0091CD0F /* Info.plist */,
			);
			name = "Supporting Files";
			sourceTree = "<group>";
		};
/* End PBXGroup section */

/* Begin PBXNativeTarget section */
		AAD072D119EDAFEC0091CD0F /* Lions & Tiger */ = {
			isa = PBXNativeTarget;
			buildConfigurationList = AAD072F119EDAFEC0091CD0F /* Build configuration list for PBXNativeTarget "Lions & Tiger" */;
			buildPhases = (
				AAD072CE19EDAFEC0091CD0F /* Sources */,
				AAD072CF19EDAFEC0091CD0F /* Frameworks */,
				AAD072D019EDAFEC0091CD0F /* Resources */,
			);
			buildRules = (
			);
			dependencies = (
			);
			name = "Lions & Tiger";
			productName = "Lions & Tiger";
			productReference = AAD072D219EDAFEC0091CD0F /* Lions & Tiger.app */;
			productType = "com.apple.product-type.application";
		};
		AAD072E619EDAFEC0091CD0F /* Lions & TigerTests */ = {
			isa = PBXNativeTarget;
			buildConfigurationList = AAD072F419EDAFEC0091CD0F /* Build configuration list for PBXNativeTarget "Lions & TigerTests" */;
			buildPhases = (
				AAD072E319EDAFEC0091CD0F /* Sources */,
				AAD072E419EDAFEC0091CD0F /* Frameworks */,
				AAD072E519EDAFEC0091CD0F /* Resources */,
			);
			buildRules = (
			);
			dependencies = (
				AAD072E919EDAFEC0091CD0F /* PBXTargetDependency */,
			);
			name = "Lions & TigerTests";
			productName = "Lions & TigerTests";
			productReference = AAD072E719EDAFEC0091CD0F /* Lions & TigerTests.xctest */;
			productType = "com.apple.product-type.bundle.unit-test";
		};
/* End PBXNativeTarget section */

/* Begin PBXProject section */
		AAD072CA19EDAFEC0091CD0F /* Project object */ = {
			isa = PBXProject;
			attributes = {
				LastUpgradeCheck = 0600;
				ORGANIZATIONNAME = "Steve Goldenberg";
				TargetAttributes = {
					AAD072D119EDAFEC0091CD0F = {
						CreatedOnToolsVersion = 6.0.1;
					};
					AAD072E619EDAFEC0091CD0F = {
						CreatedOnToolsVersion = 6.0.1;
						TestTargetID = AAD072D119EDAFEC0091CD0F;
					};
				};
			};
			buildConfigurationList = AAD072CD19EDAFEC0091CD0F /* Build configuration list for PBXProject "Lions & Tiger" */;
			compatibilityVersion = "Xcode 3.2";
			developmentRegion = English;
			hasScannedForEncodings = 0;
			knownRegions = (
				en,
				Base,
			);
			mainGroup = AAD072C919EDAFEC0091CD0F;
			productRefGroup = AAD072D319EDAFEC0091CD0F /* Products */;
			projectDirPath = "";
			projectRoot = "";
			targets = (
				AAD072D119EDAFEC0091CD0F /* Lions & Tiger */,
				AAD072E619EDAFEC0091CD0F /* Lions & TigerTests */,
			);
		};
/* End PBXProject section */

/* Begin PBXResourcesBuildPhase section */
		AAD072D019EDAFEC0091CD0F /* Resources */ = {
			isa = PBXResourcesBuildPhase;
			buildActionMask = 2147483647;
			files = (
				AACA12CE19F731F2009E2F9B /* IndochineseTiger.jpg in Resources */,
				AAD072DD19EDAFEC0091CD0F /* Main.storyboard in Resources */,
				AACA12D219F731F2009E2F9B /* Lioness.jpeg in Resources */,
				AACA12D019F731F2009E2F9B /* LionCub1.jpg in Resources */,
				AACA12D319F731F2009E2F9B /* MalayanTiger.jpg in Resources */,
				AACA12D419F731F2009E2F9B /* SiberianTiger.jpg in Resources */,
				AACA12CD19F731F2009E2F9B /* BengalTiger.jpg in Resources */,
				AAD072DF19EDAFEC0091CD0F /* Images.xcassets in Resources */,
				AACA12CF19F731F2009E2F9B /* Lion.jpg in Resources */,
				AACA12D119F731F2009E2F9B /* LionCub2.jpeg in Resources */,
			);
			runOnlyForDeploymentPostprocessing = 0;
		};
		AAD072E519EDAFEC0091CD0F /* Resources */ = {
			isa = PBXResourcesBuildPhase;
			buildActionMask = 2147483647;
			files = (
			);
			runOnlyForDeploymentPostprocessing = 0;
		};
/* End PBXResourcesBuildPhase section */

/* Begin PBXSourcesBuildPhase section */
		AAD072CE19EDAFEC0091CD0F /* Sources */ = {
			isa = PBXSourcesBuildPhase;
			buildActionMask = 2147483647;
			files = (
				AAD072DA19EDAFEC0091CD0F /* ViewController.swift in Sources */,
				AAD072FA19EDB2330091CD0F /* Tiger.swift in Sources */,
				AAD072D819EDAFEC0091CD0F /* AppDelegate.swift in Sources */,
			);
			runOnlyForDeploymentPostprocessing = 0;
		};
		AAD072E319EDAFEC0091CD0F /* Sources */ = {
			isa = PBXSourcesBuildPhase;
			buildActionMask = 2147483647;
			files = (
				AAD072EE19EDAFEC0091CD0F /* Lions___TigerTests.swift in Sources */,
			);
			runOnlyForDeploymentPostprocessing = 0;
		};
/* End PBXSourcesBuildPhase section */

/* Begin PBXTargetDependency section */
		AAD072E919EDAFEC0091CD0F /* PBXTargetDependency */ = {
			isa = PBXTargetDependency;
			target = AAD072D119EDAFEC0091CD0F /* Lions & Tiger */;
			targetProxy = AAD072E819EDAFEC0091CD0F /* PBXContainerItemProxy */;
		};
/* End PBXTargetDependency section */

/* Begin PBXVariantGroup section */
		AAD072DB19EDAFEC0091CD0F /* Main.storyboard */ = {
			isa = PBXVariantGroup;
			children = (
				AAD072DC19EDAFEC0091CD0F /* Base */,
			);
			name = Main.storyboard;
			sourceTree = "<group>";
		};
/* End PBXVariantGroup section */

/* Begin XCBuildConfiguration section */
		AAD072EF19EDAFEC0091CD0F /* Debug */ = {
			isa = XCBuildConfiguration;
			buildSettings = {
				ALWAYS_SEARCH_USER_PATHS = NO;
				CLANG_CXX_LANGUAGE_STANDARD = "gnu++0x";
				CLANG_CXX_LIBRARY = "libc++";
				CLANG_ENABLE_MODULES = YES;
				CLANG_ENABLE_OBJC_ARC = YES;
				CLANG_WARN_BOOL_CONVERSION = YES;
				CLANG_WARN_CONSTANT_CONVERSION = YES;
				CLANG_WARN_DIRECT_OBJC_ISA_USAGE = YES_ERROR;
				CLANG_WARN_EMPTY_BODY = YES;
				CLANG_WARN_ENUM_CONVERSION = YES;
				CLANG_WARN_INT_CONVERSION = YES;
				CLANG_WARN_OBJC_ROOT_CLASS = YES_ERROR;
				CLANG_WARN_UNREACHABLE_CODE = YES;
				CLANG_WARN__DUPLICATE_METHOD_MATCH = YES;
				"CODE_SIGN_IDENTITY[sdk=iphoneos*]" = "iPhone Developer";
				COPY_PHASE_STRIP = NO;
				ENABLE_STRICT_OBJC_MSGSEND = YES;
				GCC_C_LANGUAGE_STANDARD = gnu99;
				GCC_DYNAMIC_NO_PIC = NO;
				GCC_OPTIMIZATION_LEVEL = 0;
				GCC_PREPROCESSOR_DEFINITIONS = (
					"DEBUG=1",
					"$(inherited)",
				);
				GCC_SYMBOLS_PRIVATE_EXTERN = NO;
				GCC_WARN_64_TO_32_BIT_CONVERSION = YES;
				GCC_WARN_ABOUT_RETURN_TYPE = YES_ERROR;
				GCC_WARN_UNDECLARED_SELECTOR = YES;
				GCC_WARN_UNINITIALIZED_AUTOS = YES_AGGRESSIVE;
				GCC_WARN_UNUSED_FUNCTION = YES;
				GCC_WARN_UNUSED_VARIABLE = YES;
				IPHONEOS_DEPLOYMENT_TARGET = 8.0;
				MTL_ENABLE_DEBUG_INFO = YES;
				ONLY_ACTIVE_ARCH = YES;
				SDKROOT = iphoneos;
				SWIFT_OPTIMIZATION_LEVEL = "-Onone";
				TARGETED_DEVICE_FAMILY = "1,2";
			};
			name = Debug;
		};
		AAD072F019EDAFEC0091CD0F /* Release */ = {
			isa = XCBuildConfiguration;
			buildSettings = {
				ALWAYS_SEARCH_USER_PATHS = NO;
				CLANG_CXX_LANGUAGE_STANDARD = "gnu++0x";
				CLANG_CXX_LIBRARY = "libc++";
				CLANG_ENABLE_MODULES = YES;
				CLANG_ENABLE_OBJC_ARC = YES;
				CLANG_WARN_BOOL_CONVERSION = YES;
				CLANG_WARN_CONSTANT_CONVERSION = YES;
				CLANG_WARN_DIRECT_OBJC_ISA_USAGE = YES_ERROR;
				CLANG_WARN_EMPTY_BODY = YES;
				CLANG_WARN_ENUM_CONVERSION = YES;
				CLANG_WARN_INT_CONVERSION = YES;
				CLANG_WARN_OBJC_ROOT_CLASS = YES_ERROR;
				CLANG_WARN_UNREACHABLE_CODE = YES;
				CLANG_WARN__DUPLICATE_METHOD_MATCH = YES;
				"CODE_SIGN_IDENTITY[sdk=iphoneos*]" = "iPhone Developer";
				COPY_PHASE_STRIP = YES;
				ENABLE_NS_ASSERTIONS = NO;
				ENABLE_STRICT_OBJC_MSGSEND = YES;
				GCC_C_LANGUAGE_STANDARD = gnu99;
				GCC_WARN_64_TO_32_BIT_CONVERSION = YES;
				GCC_WARN_ABOUT_RETURN_TYPE = YES_ERROR;
				GCC_WARN_UNDECLARED_SELECTOR = YES;
				GCC_WARN_UNINITIALIZED_AUTOS = YES_AGGRESSIVE;
				GCC_WARN_UNUSED_FUNCTION = YES;
				GCC_WARN_UNUSED_VARIABLE = YES;
				IPHONEOS_DEPLOYMENT_TARGET = 8.0;
				MTL_ENABLE_DEBUG_INFO = NO;
				SDKROOT = iphoneos;
				TARGETED_DEVICE_FAMILY = "1,2";
				VALIDATE_PRODUCT = YES;
			};
			name = Release;
		};
		AAD072F219EDAFEC0091CD0F /* Debug */ = {
			isa = XCBuildConfiguration;
			buildSettings = {
				ASSETCATALOG_COMPILER_APPICON_NAME = AppIcon;
				INFOPLIST_FILE = "Lions & Tiger/Info.plist";
				LD_RUNPATH_SEARCH_PATHS = "$(inherited) @executable_path/Frameworks";
				PRODUCT_NAME = "$(TARGET_NAME)";
			};
			name = Debug;
		};
		AAD072F319EDAFEC0091CD0F /* Release */ = {
			isa = XCBuildConfiguration;
			buildSettings = {
				ASSETCATALOG_COMPILER_APPICON_NAME = AppIcon;
				INFOPLIST_FILE = "Lions & Tiger/Info.plist";
				LD_RUNPATH_SEARCH_PATHS = "$(inherited) @executable_path/Frameworks";
				PRODUCT_NAME = "$(TARGET_NAME)";
			};
			name = Release;
		};
		AAD072F519EDAFEC0091CD0F /* Debug */ = {
			isa = XCBuildConfiguration;
			buildSettings = {
				BUNDLE_LOADER = "$(TEST_HOST)";
				FRAMEWORK_SEARCH_PATHS = (
					"$(SDKROOT)/Developer/Library/Frameworks",
					"$(inherited)",
				);
				GCC_PREPROCESSOR_DEFINITIONS = (
					"DEBUG=1",
					"$(inherited)",
				);
				INFOPLIST_FILE = "Lions & TigerTests/Info.plist";
				LD_RUNPATH_SEARCH_PATHS = "$(inherited) @executable_path/Frameworks @loader_path/Frameworks";
				PRODUCT_NAME = "$(TARGET_NAME)";
				TEST_HOST = "$(BUILT_PRODUCTS_DIR)/Lions & Tiger.app/Lions & Tiger";
			};
			name = Debug;
		};
		AAD072F619EDAFEC0091CD0F /* Release */ = {
			isa = XCBuildConfiguration;
			buildSettings = {
				BUNDLE_LOADER = "$(TEST_HOST)";
				FRAMEWORK_SEARCH_PATHS = (
					"$(SDKROOT)/Developer/Library/Frameworks",
					"$(inherited)",
				);
				INFOPLIST_FILE = "Lions & TigerTests/Info.plist";
				LD_RUNPATH_SEARCH_PATHS = "$(inherited) @executable_path/Frameworks @loader_path/Frameworks";
				PRODUCT_NAME = "$(TARGET_NAME)";
				TEST_HOST = "$(BUILT_PRODUCTS_DIR)/Lions & Tiger.app/Lions & Tiger";
			};
			name = Release;
		};
/* End XCBuildConfiguration section */

/* Begin XCConfigurationList section */
		AAD072CD19EDAFEC0091CD0F /* Build configuration list for PBXProject "Lions & Tiger" */ = {
			isa = XCConfigurationList;
			buildConfigurations = (
				AAD072EF19EDAFEC0091CD0F /* Debug */,
				AAD072F019EDAFEC0091CD0F /* Release */,
			);
			defaultConfigurationIsVisible = 0;
			defaultConfigurationName = Release;
		};
		AAD072F119EDAFEC0091CD0F /* Build configuration list for PBXNativeTarget "Lions & Tiger" */ = {
			isa = XCConfigurationList;
			buildConfigurations = (
				AAD072F219EDAFEC0091CD0F /* Debug */,
				AAD072F319EDAFEC0091CD0F /* Release */,
			);
			defaultConfigurationIsVisible = 0;
			defaultConfigurationName = Release;
		};
		AAD072F419EDAFEC0091CD0F /* Build configuration list for PBXNativeTarget "Lions & TigerTests" */ = {
			isa = XCConfigurationList;
			buildConfigurations = (
				AAD072F519EDAFEC0091CD0F /* Debug */,
				AAD072F619EDAFEC0091CD0F /* Release */,
			);
			defaultConfigurationIsVisible = 0;
			defaultConfigurationName = Release;
		};
/* End XCConfigurationList section */
	};
	rootObject = AAD072CA19EDAFEC0091CD0F /* Project object */;
}
